{
  "name": "demo",
  "version": "1.0.0",
  "lockfileVersion": 1,
  "requires": true,
  "dependencies": {
    "@babel/runtime": {
      "version": "7.11.2",
      "resolved": "https://registry.npm.taobao.org/@babel/runtime/download/@babel/runtime-7.11.2.tgz?cache=0&sync_timestamp=1596637789706&other_urls=https%3A%2F%2Fregistry.npm.taobao.org%2F%40babel%2Fruntime%2Fdownload%2F%40babel%2Fruntime-7.11.2.tgz",
      "integrity": "sha1-9UnBPHVMxAuHZEufqfCaapX+BzY=",
      "requires": {
        "regenerator-runtime": "^0.13.4"
      },
      "dependencies": {
        "regenerator-runtime": {
          "version": "0.13.7",
          "resolved": "https://registry.npm.taobao.org/regenerator-runtime/download/regenerator-runtime-0.13.7.tgz?cache=0&sync_timestamp=1595456511811&other_urls=https%3A%2F%2Fregistry.npm.taobao.org%2Fregenerator-runtime%2Fdownload%2Fregenerator-runtime-0.13.7.tgz",
          "integrity": "sha1-ysLazIoepnX+qrrriugziYrkb1U="
        }
      }
    },
    "@babel/runtime-corejs3": {
      "version": "7.11.2",
      "resolved": "https://registry.npm.taobao.org/@babel/runtime-corejs3/download/@babel/runtime-corejs3-7.11.2.tgz?cache=0&sync_timestamp=1596638327159&other_urls=https%3A%2F%2Fregistry.npm.taobao.org%2F%40babel%2Fruntime-corejs3%2Fdownload%2F%40babel%2Fruntime-corejs3-7.11.2.tgz",
      "integrity": "sha1-AsMCl0MVAYjt62ZUEZX1RgAnhBk=",
      "requires": {
        "core-js-pure": "^3.0.0",
        "regenerator-runtime": "^0.13.4"
      },
      "dependencies": {
        "regenerator-runtime": {
          "version": "0.13.7",
          "resolved": "https://registry.npm.taobao.org/regenerator-runtime/download/regenerator-runtime-0.13.7.tgz?cache=0&sync_timestamp=1595456511811&other_urls=https%3A%2F%2Fregistry.npm.taobao.org%2Fregenerator-runtime%2Fdownload%2Fregenerator-runtime-0.13.7.tgz",
          "integrity": "sha1-ysLazIoepnX+qrrriugziYrkb1U="
        }
      }
    },
    "core-js-pure": {
      "version": "3.6.5",
      "resolved": "https://registry.npm.taobao.org/core-js-pure/download/core-js-pure-3.6.5.tgz?cache=0&other_urls=https%3A%2F%2Fregistry.npm.taobao.org%2Fcore-js-pure%2Fdownload%2Fcore-js-pure-3.6.5.tgz",
      "integrity": "sha1-x5519eONvIWmYtke6lK4JW1TuBM="
    },
    "echarts": {
      "version": "4.9.0",
      "resolved": "https://registry.npm.taobao.org/echarts/download/echarts-4.9.0.tgz?cache=0&sync_timestamp=1602676684363&other_urls=https%3A%2F%2Fregistry.npm.taobao.org%2Fecharts%2Fdownload%2Fecharts-4.9.0.tgz",
      "integrity": "sha1-qbm6oD8Doqcx5jQMVb77V6nhNH0=",
      "requires": {
        "zrender": "4.3.2"
      }
    },
    "wangeditor": {
      "version": "4.0.3",
      "resolved": "https://registry.npm.taobao.org/wangeditor/download/wangeditor-4.0.3.tgz?cache=0&sync_timestamp=1602325308360&other_urls=https%3A%2F%2Fregistry.npm.taobao.org%2Fwangeditor%2Fdownload%2Fwangeditor-4.0.3.tgz",
      "requires": {
        "@babel/runtime": "^7.11.2",
        "@babel/runtime-corejs3": "^7.11.2"
      }
    },
    "zrender": {
      "version": "4.3.2",
      "resolved": "https://registry.npm.taobao.org/zrender/download/zrender-4.3.2.tgz",
      "integrity": "sha1-7HQy+UFcgsc1hLa3uMR+GwFiCcY="
    }
  }
}
